PODS:
  - CatalogByConvention (1.0.0)
  - CatalogExamples (1.0.0)
  - CatalogUnitTests (1.0.0)
  - Resistor (1.0.0)

DEPENDENCIES:
  - CatalogByConvention (from `../`)
  - CatalogExamples (from `./`)
  - CatalogUnitTests (from `./`)
  - Resistor (from `components/Resistor`)

EXTERNAL SOURCES:
  CatalogByConvention:
    :path: "../"
  CatalogExamples:
    :path: "./"
  CatalogUnitTests:
    :path: "./"
  Resistor:
    :path: components/Resistor

SPEC CHECKSUMS:
  CatalogByConvention: 901ac88532d57103432b539ac7d69f0600f37de1
  CatalogExamples: cafe3e4eae3abc948d96beb626657455c1dfb327
  CatalogUnitTests: 793bd09d241a27e352d8a807d76b3486da91ccc4
  Resistor: 36a9ae98666be3b4f34d8133fad442fa87fdbce2

PODFILE CHECKSUM: bb59c09c71f8777bbe79af5ae920e3d58849ab41

COCOAPODS: 1.0.1
