PODS:
  - CatalogByConvention (1.0.1)
  - CatalogExamples (1.0.0)
  - CatalogUnitTests (1.0.0):
    - Resistor
  - Resistor (1.0.0)

DEPENDENCIES:
  - CatalogByConvention (from `../`)
  - CatalogExamples (from `./`)
  - CatalogUnitTests (from `./`)
  - Resistor (from `components/Resistor`)

EXTERNAL SOURCES:
  CatalogByConvention:
    :path: "../"
  CatalogExamples:
    :path: "./"
  CatalogUnitTests:
    :path: "./"
  Resistor:
    :path: components/Resistor

SPEC CHECKSUMS:
  CatalogByConvention: 0e471a53b232b83be30141379b3ff0ad3365c3ec
  CatalogExamples: cafe3e4eae3abc948d96beb626657455c1dfb327
  CatalogUnitTests: b7a746f12abb31a905654521ee926ea007ab7275
  Resistor: 36a9ae98666be3b4f34d8133fad442fa87fdbce2

PODFILE CHECKSUM: bb59c09c71f8777bbe79af5ae920e3d58849ab41

COCOAPODS: 1.0.1
